lockfileVersion: '6.0'

devDependencies:
  typescript:
    specifier: ^5.1.3
    version: mirrors.tencent.com/typescript@5.1.3

packages:

  mirrors.tencent.com/typescript@5.1.3:
    resolution: {integrity: sha512-XH627E9vkeqhlZFQuL+UsyAXEnibT0kWR2FWONlr4sTjvxyJYnyefgrkyECLzM5NenmKzRAy2rR/OlYLA1HkZw==, registry: http://r.tnpm.oa.com/, tarball: https://mirrors.tencent.com/npm/typescript/-/typescript-5.1.3.tgz}
    name: typescript
    version: 5.1.3
    engines: {node: '>=14.17'}
    hasBin: true
    dev: true
